# DO NOT EDIT MANUALLY - Managed by Fern Replay
version: "1.0"
generations:
  - commit_sha: 1176549d3f1f1e28f030a9dc03f11e06d63a9e1b
    tree_hash: d7b4fcb6c0c5db7e33c236ec217bbb5ac312ab66
    timestamp: 2026-06-17T10:07:54.935Z
    cli_version: unknown
    generator_versions: {}
current_generation: 1176549d3f1f1e28f030a9dc03f11e06d63a9e1b
patches: []
